
Microsoft Visual Studio Solution File, Format Version 12.00
# Visual Studio Version 17
VisualStudioVersion = 17.13.35931.197
MinimumVisualStudioVersion = 10.0.40219.1
Project("{54A90642-561A-4BB1-A94E-469ADEE60C69}") = "miragames.client", "miragames.client\miragames.client.esproj", "{FE139F9D-2CE1-58F5-20B1-48E7E170DF17}"
EndProject
Project("{FAE04EC0-301F-11D3-BF4B-00C04F79EFBC}") = "MiraGames.Server", "MiraGames.Server\MiraGames.Server.csproj", "{2CFF6DFC-B793-4A1C-BEFE-82F2A93CA389}"
EndProject
Project("{E53339B2-1760-4266-BCC7-CA923CBCF16C}") = "docker-compose", "docker-compose.dcproj", "{81DDED9D-158B-E303-5F62-77A2896D2A5A}"
EndProject
Global
	GlobalSection(SolutionConfigurationPlatforms) = preSolution
		Debug|Any CPU = Debug|Any CPU
		Release|Any CPU = Release|Any CPU
	EndGlobalSection
	GlobalSection(ProjectConfigurationPlatforms) = postSolution
		{FE139F9D-2CE1-58F5-20B1-48E7E170DF17}.Debug|Any CPU.ActiveCfg = Debug|Any CPU
		{FE139F9D-2CE1-58F5-20B1-48E7E170DF17}.Debug|Any CPU.Build.0 = Debug|Any CPU
		{FE139F9D-2CE1-58F5-20B1-48E7E170DF17}.Debug|Any CPU.Deploy.0 = Debug|Any CPU
		{FE139F9D-2CE1-58F5-20B1-48E7E170DF17}.Release|Any CPU.ActiveCfg = Release|Any CPU
		{FE139F9D-2CE1-58F5-20B1-48E7E170DF17}.Release|Any CPU.Build.0 = Release|Any CPU
		{FE139F9D-2CE1-58F5-20B1-48E7E170DF17}.Release|Any CPU.Deploy.0 = Release|Any CPU
		{2CFF6DFC-B793-4A1C-BEFE-82F2A93CA389}.Debug|Any CPU.ActiveCfg = Debug|Any CPU
		{2CFF6DFC-B793-4A1C-BEFE-82F2A93CA389}.Debug|Any CPU.Build.0 = Debug|Any CPU
		{2CFF6DFC-B793-4A1C-BEFE-82F2A93CA389}.Release|Any CPU.ActiveCfg = Release|Any CPU
		{2CFF6DFC-B793-4A1C-BEFE-82F2A93CA389}.Release|Any CPU.Build.0 = Release|Any CPU
		{81DDED9D-158B-E303-5F62-77A2896D2A5A}.Debug|Any CPU.ActiveCfg = Debug|Any CPU
		{81DDED9D-158B-E303-5F62-77A2896D2A5A}.Debug|Any CPU.Build.0 = Debug|Any CPU
		{81DDED9D-158B-E303-5F62-77A2896D2A5A}.Release|Any CPU.ActiveCfg = Release|Any CPU
		{81DDED9D-158B-E303-5F62-77A2896D2A5A}.Release|Any CPU.Build.0 = Release|Any CPU
	EndGlobalSection
	GlobalSection(SolutionProperties) = preSolution
		HideSolutionNode = FALSE
	EndGlobalSection
	GlobalSection(ExtensibilityGlobals) = postSolution
		SolutionGuid = {46D16799-1BD0-498D-ACEC-E58E305BC331}
	EndGlobalSection
EndGlobal
